
Microsoft Visual Studio Solution File, Format Version 12.00
# Visual Studio 15
VisualStudioVersion = 15.0.28307.757
MinimumVisualStudioVersion = 10.0.40219.1
Project("{888888A0-9F3D-457C-B088-3A5042F75D52}") = "MIKECore", "MIKECore.pyproj", "{C607BDB9-7993-4682-A07A-98FE91636903}"
EndProject
Global
	GlobalSection(SolutionConfigurationPlatforms) = preSolution
		Debug|Any CPU = Debug|Any CPU
		Release|Any CPU = Release|Any CPU
	EndGlobalSection
	GlobalSection(ProjectConfigurationPlatforms) = postSolution
		{C607BDB9-7993-4682-A07A-98FE91636903}.Debug|Any CPU.ActiveCfg = Debug|Any CPU
		{C607BDB9-7993-4682-A07A-98FE91636903}.Release|Any CPU.ActiveCfg = Release|Any CPU
	EndGlobalSection
	GlobalSection(SolutionProperties) = preSolution
		HideSolutionNode = FALSE
	EndGlobalSection
	GlobalSection(ExtensibilityGlobals) = postSolution
		SolutionGuid = {45536DBA-617E-4472-AE29-3B161EB1EE67}
	EndGlobalSection
EndGlobal
