
Microsoft Visual Studio Solution File, Format Version 12.00
# Visual Studio 15
VisualStudioVersion = 15.0.28307.757
MinimumVisualStudioVersion = 10.0.40219.1
Project("{888888A0-9F3D-457C-B088-3A5042F75D52}") = "MIKECore", "MIKECore.pyproj", "{C607BDB9-7993-4682-A07A-98FE91636903}"
EndProject
Project("{8BC9CEB8-8B4A-11D0-8D11-00A0C91BC942}") = "MIKECoreCUtil", "MIKECoreCUtil\MIKECoreCUtil.vcxproj", "{91D99BCD-56A3-40BA-A52C-FA2D78924EFB}"
EndProject
Global
	GlobalSection(SolutionConfigurationPlatforms) = preSolution
		Debug|x64 = Debug|x64
		Release|x64 = Release|x64
	EndGlobalSection
	GlobalSection(ProjectConfigurationPlatforms) = postSolution
		{C607BDB9-7993-4682-A07A-98FE91636903}.Debug|x64.ActiveCfg = Debug|Any CPU
		{C607BDB9-7993-4682-A07A-98FE91636903}.Release|x64.ActiveCfg = Release|Any CPU
		{91D99BCD-56A3-40BA-A52C-FA2D78924EFB}.Debug|x64.ActiveCfg = Debug|x64
		{91D99BCD-56A3-40BA-A52C-FA2D78924EFB}.Debug|x64.Build.0 = Debug|x64
		{91D99BCD-56A3-40BA-A52C-FA2D78924EFB}.Release|x64.ActiveCfg = Release|x64
		{91D99BCD-56A3-40BA-A52C-FA2D78924EFB}.Release|x64.Build.0 = Release|x64
	EndGlobalSection
	GlobalSection(SolutionProperties) = preSolution
		HideSolutionNode = FALSE
	EndGlobalSection
	GlobalSection(ExtensibilityGlobals) = postSolution
		SolutionGuid = {45536DBA-617E-4472-AE29-3B161EB1EE67}
	EndGlobalSection
EndGlobal
